
Microsoft Visual Studio Solution File, Format Version 12.00
# Visual Studio Version 17
VisualStudioVersion = 17.0.31903.59
MinimumVisualStudioVersion = 10.0.40219.1
Project("{2150E333-8FDC-42A3-9474-1A3956D46DE8}") = "Projects", "Projects", "{17245595-230B-9055-A944-863F0DDDA8E8}"
EndProject
Project("{FAE04EC0-301F-11D3-BF4B-00C04F79EFBC}") = "Ticketing.Command", "Projects\Ticketing.Command\Ticketing.Command.csproj", "{66A6A234-FEED-45A5-850B-2CB48770E1ED}"
EndProject
Project("{FAE04EC0-301F-11D3-BF4B-00C04F79EFBC}") = "Ticketing.Query", "Projects\Ticketing.Query\Ticketing.Query.csproj", "{743CA1DE-73CD-409F-93E3-413AFD59B232}"
EndProject
Project("{2150E333-8FDC-42A3-9474-1A3956D46DE8}") = "Common", "Common", "{881589EE-639B-0A35-DBCE-5D94E4FC90C0}"
EndProject
Project("{FAE04EC0-301F-11D3-BF4B-00C04F79EFBC}") = "Common.Core", "Common\Common.Core\Common.Core.csproj", "{D25D2163-D329-4EF6-BE11-1C7CA908FA57}"
EndProject
Global
	GlobalSection(SolutionConfigurationPlatforms) = preSolution
		Debug|Any CPU = Debug|Any CPU
		Debug|x64 = Debug|x64
		Debug|x86 = Debug|x86
		Release|Any CPU = Release|Any CPU
		Release|x64 = Release|x64
		Release|x86 = Release|x86
	EndGlobalSection
	GlobalSection(ProjectConfigurationPlatforms) = postSolution
		{66A6A234-FEED-45A5-850B-2CB48770E1ED}.Debug|Any CPU.ActiveCfg = Debug|Any CPU
		{66A6A234-FEED-45A5-850B-2CB48770E1ED}.Debug|Any CPU.Build.0 = Debug|Any CPU
		{66A6A234-FEED-45A5-850B-2CB48770E1ED}.Debug|x64.ActiveCfg = Debug|Any CPU
		{66A6A234-FEED-45A5-850B-2CB48770E1ED}.Debug|x64.Build.0 = Debug|Any CPU
		{66A6A234-FEED-45A5-850B-2CB48770E1ED}.Debug|x86.ActiveCfg = Debug|Any CPU
		{66A6A234-FEED-45A5-850B-2CB48770E1ED}.Debug|x86.Build.0 = Debug|Any CPU
		{66A6A234-FEED-45A5-850B-2CB48770E1ED}.Release|Any CPU.ActiveCfg = Release|Any CPU
		{66A6A234-FEED-45A5-850B-2CB48770E1ED}.Release|Any CPU.Build.0 = Release|Any CPU
		{66A6A234-FEED-45A5-850B-2CB48770E1ED}.Release|x64.ActiveCfg = Release|Any CPU
		{66A6A234-FEED-45A5-850B-2CB48770E1ED}.Release|x64.Build.0 = Release|Any CPU
		{66A6A234-FEED-45A5-850B-2CB48770E1ED}.Release|x86.ActiveCfg = Release|Any CPU
		{66A6A234-FEED-45A5-850B-2CB48770E1ED}.Release|x86.Build.0 = Release|Any CPU
		{743CA1DE-73CD-409F-93E3-413AFD59B232}.Debug|Any CPU.ActiveCfg = Debug|Any CPU
		{743CA1DE-73CD-409F-93E3-413AFD59B232}.Debug|Any CPU.Build.0 = Debug|Any CPU
		{743CA1DE-73CD-409F-93E3-413AFD59B232}.Debug|x64.ActiveCfg = Debug|Any CPU
		{743CA1DE-73CD-409F-93E3-413AFD59B232}.Debug|x64.Build.0 = Debug|Any CPU
		{743CA1DE-73CD-409F-93E3-413AFD59B232}.Debug|x86.ActiveCfg = Debug|Any CPU
		{743CA1DE-73CD-409F-93E3-413AFD59B232}.Debug|x86.Build.0 = Debug|Any CPU
		{743CA1DE-73CD-409F-93E3-413AFD59B232}.Release|Any CPU.ActiveCfg = Release|Any CPU
		{743CA1DE-73CD-409F-93E3-413AFD59B232}.Release|Any CPU.Build.0 = Release|Any CPU
		{743CA1DE-73CD-409F-93E3-413AFD59B232}.Release|x64.ActiveCfg = Release|Any CPU
		{743CA1DE-73CD-409F-93E3-413AFD59B232}.Release|x64.Build.0 = Release|Any CPU
		{743CA1DE-73CD-409F-93E3-413AFD59B232}.Release|x86.ActiveCfg = Release|Any CPU
		{743CA1DE-73CD-409F-93E3-413AFD59B232}.Release|x86.Build.0 = Release|Any CPU
		{D25D2163-D329-4EF6-BE11-1C7CA908FA57}.Debug|Any CPU.ActiveCfg = Debug|Any CPU
		{D25D2163-D329-4EF6-BE11-1C7CA908FA57}.Debug|Any CPU.Build.0 = Debug|Any CPU
		{D25D2163-D329-4EF6-BE11-1C7CA908FA57}.Debug|x64.ActiveCfg = Debug|Any CPU
		{D25D2163-D329-4EF6-BE11-1C7CA908FA57}.Debug|x64.Build.0 = Debug|Any CPU
		{D25D2163-D329-4EF6-BE11-1C7CA908FA57}.Debug|x86.ActiveCfg = Debug|Any CPU
		{D25D2163-D329-4EF6-BE11-1C7CA908FA57}.Debug|x86.Build.0 = Debug|Any CPU
		{D25D2163-D329-4EF6-BE11-1C7CA908FA57}.Release|Any CPU.ActiveCfg = Release|Any CPU
		{D25D2163-D329-4EF6-BE11-1C7CA908FA57}.Release|Any CPU.Build.0 = Release|Any CPU
		{D25D2163-D329-4EF6-BE11-1C7CA908FA57}.Release|x64.ActiveCfg = Release|Any CPU
		{D25D2163-D329-4EF6-BE11-1C7CA908FA57}.Release|x64.Build.0 = Release|Any CPU
		{D25D2163-D329-4EF6-BE11-1C7CA908FA57}.Release|x86.ActiveCfg = Release|Any CPU
		{D25D2163-D329-4EF6-BE11-1C7CA908FA57}.Release|x86.Build.0 = Release|Any CPU
	EndGlobalSection
	GlobalSection(SolutionProperties) = preSolution
		HideSolutionNode = FALSE
	EndGlobalSection
	GlobalSection(NestedProjects) = preSolution
		{66A6A234-FEED-45A5-850B-2CB48770E1ED} = {17245595-230B-9055-A944-863F0DDDA8E8}
		{743CA1DE-73CD-409F-93E3-413AFD59B232} = {17245595-230B-9055-A944-863F0DDDA8E8}
		{D25D2163-D329-4EF6-BE11-1C7CA908FA57} = {881589EE-639B-0A35-DBCE-5D94E4FC90C0}
	EndGlobalSection
EndGlobal
